PODS:
  - Alamofire (4.5.1)
  - AlamofireNetworkActivityIndicator (2.2.0):
    - Alamofire (~> 4.5)
  - Kingfisher (4.0.1)
  - SwiftyJSON (3.1.4)

DEPENDENCIES:
  - Alamofire (from `https://github.com/Alamofire/Alamofire.git`)
  - AlamofireNetworkActivityIndicator (from `https://github.com/Alamofire/AlamofireNetworkActivityIndicator.git`)
  - Kingfisher (~> 4.0)
  - SwiftyJSON

EXTERNAL SOURCES:
  Alamofire:
    :git: https://github.com/Alamofire/Alamofire.git
  AlamofireNetworkActivityIndicator:
    :git: https://github.com/Alamofire/AlamofireNetworkActivityIndicator.git

CHECKOUT OPTIONS:
  Alamofire:
    :commit: b8995447518fd57af14c88a47f27434a16f60403
    :git: https://github.com/Alamofire/Alamofire.git
  AlamofireNetworkActivityIndicator:
    :commit: da5fe47a66e05e9c3b18e2e2997b6edd60aa0c53
    :git: https://github.com/Alamofire/AlamofireNetworkActivityIndicator.git

SPEC CHECKSUMS:
  Alamofire: 0224236301daac8c6578172706304b66b48236b5
  AlamofireNetworkActivityIndicator: 1b37f625e82da75465fc624bf26cf37cabd99a42
  Kingfisher: b771785e9461ed4b8686d40e7145f9e58100cb24
  SwiftyJSON: c2842d878f95482ffceec5709abc3d05680c0220

PODFILE CHECKSUM: 85563873e1c19d0aeda0891c7484176878d9d2b3

COCOAPODS: 1.2.0
